
Microsoft Visual Studio Solution File, Format Version 12.00
# Visual Studio Version 17
VisualStudioVersion = 17.3.32811.315
MinimumVisualStudioVersion = 10.0.40219.1
Project("{9A19103F-16F7-4668-BE54-9A1E7A4F7556}") = "SwapiClient.Api", "SwapiClient.Api\SwapiClient.Api.csproj", "{47B7955B-DE9F-495A-BE12-88F0DD4017F1}"
EndProject
Project("{9A19103F-16F7-4668-BE54-9A1E7A4F7556}") = "SwapiClient.Application", "SwapiClient.Application\SwapiClient.Application.csproj", "{2EEC95F3-D2ED-450F-8096-BCB581C4BE3B}"
EndProject
Project("{9A19103F-16F7-4668-BE54-9A1E7A4F7556}") = "SwapiClient.Domain", "SwapiClient.Domain\SwapiClient.Domain.csproj", "{EFCFC5D7-2743-4D10-BD85-A7B990EB6569}"
EndProject
Project("{9A19103F-16F7-4668-BE54-9A1E7A4F7556}") = "SwapiClient.Test", "SwapiClient.Test\SwapiClient.Test.csproj", "{46898B88-C011-4467-B3BA-136057853866}"
EndProject
Project("{FAE04EC0-301F-11D3-BF4B-00C04F79EFBC}") = "SwapiClient.Infrastructure", "SwapiClient.Infrastructure\SwapiClient.Infrastructure.csproj", "{10A26260-697C-490A-9B1F-7C5645850F28}"
EndProject
Global
	GlobalSection(SolutionConfigurationPlatforms) = preSolution
		Debug|Any CPU = Debug|Any CPU
		Release|Any CPU = Release|Any CPU
	EndGlobalSection
	GlobalSection(ProjectConfigurationPlatforms) = postSolution
		{47B7955B-DE9F-495A-BE12-88F0DD4017F1}.Debug|Any CPU.ActiveCfg = Debug|Any CPU
		{47B7955B-DE9F-495A-BE12-88F0DD4017F1}.Debug|Any CPU.Build.0 = Debug|Any CPU
		{47B7955B-DE9F-495A-BE12-88F0DD4017F1}.Release|Any CPU.ActiveCfg = Release|Any CPU
		{47B7955B-DE9F-495A-BE12-88F0DD4017F1}.Release|Any CPU.Build.0 = Release|Any CPU
		{2EEC95F3-D2ED-450F-8096-BCB581C4BE3B}.Debug|Any CPU.ActiveCfg = Debug|Any CPU
		{2EEC95F3-D2ED-450F-8096-BCB581C4BE3B}.Debug|Any CPU.Build.0 = Debug|Any CPU
		{2EEC95F3-D2ED-450F-8096-BCB581C4BE3B}.Release|Any CPU.ActiveCfg = Release|Any CPU
		{2EEC95F3-D2ED-450F-8096-BCB581C4BE3B}.Release|Any CPU.Build.0 = Release|Any CPU
		{EFCFC5D7-2743-4D10-BD85-A7B990EB6569}.Debug|Any CPU.ActiveCfg = Debug|Any CPU
		{EFCFC5D7-2743-4D10-BD85-A7B990EB6569}.Debug|Any CPU.Build.0 = Debug|Any CPU
		{EFCFC5D7-2743-4D10-BD85-A7B990EB6569}.Release|Any CPU.ActiveCfg = Release|Any CPU
		{EFCFC5D7-2743-4D10-BD85-A7B990EB6569}.Release|Any CPU.Build.0 = Release|Any CPU
		{46898B88-C011-4467-B3BA-136057853866}.Debug|Any CPU.ActiveCfg = Debug|Any CPU
		{46898B88-C011-4467-B3BA-136057853866}.Debug|Any CPU.Build.0 = Debug|Any CPU
		{46898B88-C011-4467-B3BA-136057853866}.Release|Any CPU.ActiveCfg = Release|Any CPU
		{46898B88-C011-4467-B3BA-136057853866}.Release|Any CPU.Build.0 = Release|Any CPU
		{10A26260-697C-490A-9B1F-7C5645850F28}.Debug|Any CPU.ActiveCfg = Debug|Any CPU
		{10A26260-697C-490A-9B1F-7C5645850F28}.Debug|Any CPU.Build.0 = Debug|Any CPU
		{10A26260-697C-490A-9B1F-7C5645850F28}.Release|Any CPU.ActiveCfg = Release|Any CPU
		{10A26260-697C-490A-9B1F-7C5645850F28}.Release|Any CPU.Build.0 = Release|Any CPU
	EndGlobalSection
	GlobalSection(SolutionProperties) = preSolution
		HideSolutionNode = FALSE
	EndGlobalSection
	GlobalSection(ExtensibilityGlobals) = postSolution
		SolutionGuid = {D124EFC9-F9E4-4237-846C-007360795A2C}
	EndGlobalSection
EndGlobal
